
Microsoft Visual Studio Solution File, Format Version 12.00
# Visual Studio Version 17
VisualStudioVersion = 17.2.32602.215
MinimumVisualStudioVersion = 10.0.40219.1
Project("{FAE04EC0-301F-11D3-BF4B-00C04F79EFBC}") = "T-REX GAME", "T-REX GAME\T-REX GAME.csproj", "{03073DFA-1049-4316-B4D4-AEFABFE7445A}"
EndProject
Global
	GlobalSection(SolutionConfigurationPlatforms) = preSolution
		Debug|Any CPU = Debug|Any CPU
		Release|Any CPU = Release|Any CPU
	EndGlobalSection
	GlobalSection(ProjectConfigurationPlatforms) = postSolution
		{03073DFA-1049-4316-B4D4-AEFABFE7445A}.Debug|Any CPU.ActiveCfg = Debug|Any CPU
		{03073DFA-1049-4316-B4D4-AEFABFE7445A}.Debug|Any CPU.Build.0 = Debug|Any CPU
		{03073DFA-1049-4316-B4D4-AEFABFE7445A}.Release|Any CPU.ActiveCfg = Release|Any CPU
		{03073DFA-1049-4316-B4D4-AEFABFE7445A}.Release|Any CPU.Build.0 = Release|Any CPU
	EndGlobalSection
	GlobalSection(SolutionProperties) = preSolution
		HideSolutionNode = FALSE
	EndGlobalSection
	GlobalSection(ExtensibilityGlobals) = postSolution
		SolutionGuid = {0E45AC39-B1FC-4D79-8AEE-31729BA3FB7F}
	EndGlobalSection
EndGlobal
